
Microsoft Visual Studio Solution File, Format Version 12.00
# Visual Studio Version 16
VisualStudioVersion = 16.0.31410.357
MinimumVisualStudioVersion = 10.0.40219.1
Project("{FAE04EC0-301F-11D3-BF4B-00C04F79EFBC}") = "RabbitMQ.Demo.Producer", "RabbitMQ.Demo.Producer\RabbitMQ.Demo.Producer.csproj", "{BB622324-FA87-40CB-AB79-69A6A9D5CB6A}"
EndProject
Project("{FAE04EC0-301F-11D3-BF4B-00C04F79EFBC}") = "RabbitMQ.Demo.Consumer", "RabbitMQ.Demo.Consumer\RabbitMQ.Demo.Consumer.csproj", "{9A0E8EF1-5B30-443B-BDFC-F048104A2CA1}"
EndProject
Global
	GlobalSection(SolutionConfigurationPlatforms) = preSolution
		Debug|Any CPU = Debug|Any CPU
		Release|Any CPU = Release|Any CPU
	EndGlobalSection
	GlobalSection(ProjectConfigurationPlatforms) = postSolution
		{BB622324-FA87-40CB-AB79-69A6A9D5CB6A}.Debug|Any CPU.ActiveCfg = Debug|Any CPU
		{BB622324-FA87-40CB-AB79-69A6A9D5CB6A}.Debug|Any CPU.Build.0 = Debug|Any CPU
		{BB622324-FA87-40CB-AB79-69A6A9D5CB6A}.Release|Any CPU.ActiveCfg = Release|Any CPU
		{BB622324-FA87-40CB-AB79-69A6A9D5CB6A}.Release|Any CPU.Build.0 = Release|Any CPU
		{9A0E8EF1-5B30-443B-BDFC-F048104A2CA1}.Debug|Any CPU.ActiveCfg = Debug|Any CPU
		{9A0E8EF1-5B30-443B-BDFC-F048104A2CA1}.Debug|Any CPU.Build.0 = Debug|Any CPU
		{9A0E8EF1-5B30-443B-BDFC-F048104A2CA1}.Release|Any CPU.ActiveCfg = Release|Any CPU
		{9A0E8EF1-5B30-443B-BDFC-F048104A2CA1}.Release|Any CPU.Build.0 = Release|Any CPU
	EndGlobalSection
	GlobalSection(SolutionProperties) = preSolution
		HideSolutionNode = FALSE
	EndGlobalSection
	GlobalSection(ExtensibilityGlobals) = postSolution
		SolutionGuid = {61445DB1-B206-4374-9D24-3DA0660234F5}
	EndGlobalSection
EndGlobal
